// !$*UTF8*$!
{
	archiveVersion = 1;
	classes = {
	};
	objectVersion = 46;
	objects = {

/* Begin PBXBuildFile section */
		8696375F1B8005720058846F /* art.scnassets in Resources */ = {isa = PBXBuildFile; fileRef = 8696375E1B8005720058846F /* art.scnassets */; };
		869638311B800A340058846F /* CellGraphic.m in Sources */ = {isa = PBXBuildFile; fileRef = 869638301B800A340058846F /* CellGraphic.m */; };
		869639021B800CA10058846F /* Decks in Resources */ = {isa = PBXBuildFile; fileRef = 869639011B800CA10058846F /* Decks */; };
		86CC136F1B80032900D21C8E /* main.m in Sources */ = {isa = PBXBuildFile; fileRef = 86CC136E1B80032900D21C8E /* main.m */; };
		86CC13721B80032900D21C8E /* AppDelegate.m in Sources */ = {isa = PBXBuildFile; fileRef = 86CC13711B80032900D21C8E /* AppDelegate.m */; };
		86CC13751B80032900D21C8E /* ViewController.m in Sources */ = {isa = PBXBuildFile; fileRef = 86CC13741B80032900D21C8E /* ViewController.m */; };
		86CC13781B80032900D21C8E /* Main.storyboard in Resources */ = {isa = PBXBuildFile; fileRef = 86CC13761B80032900D21C8E /* Main.storyboard */; };
		86CC137A1B80032900D21C8E /* Images.xcassets in Resources */ = {isa = PBXBuildFile; fileRef = 86CC13791B80032900D21C8E /* Images.xcassets */; };
		86CC137D1B80032900D21C8E /* LaunchScreen.xib in Resources */ = {isa = PBXBuildFile; fileRef = 86CC137B1B80032900D21C8E /* LaunchScreen.xib */; };
		86CC13891B80032900D21C8E /* DeckDesignerTests.m in Sources */ = {isa = PBXBuildFile; fileRef = 86CC13881B80032900D21C8E /* DeckDesignerTests.m */; };
		86CC14071B8004B000D21C8E /* board_d.tga in Resources */ = {isa = PBXBuildFile; fileRef = 86CC13951B8004B000D21C8E /* board_d.tga */; };
		86CC14081B8004B000D21C8E /* board_n.tga in Resources */ = {isa = PBXBuildFile; fileRef = 86CC13961B8004B000D21C8E /* board_n.tga */; };
		86CC14091B8004B000D21C8E /* board_s.tga in Resources */ = {isa = PBXBuildFile; fileRef = 86CC13971B8004B000D21C8E /* board_s.tga */; };
		86CC14711B8004B000D21C8E /* Skateboard.3DS in Resources */ = {isa = PBXBuildFile; fileRef = 86CC14001B8004B000D21C8E /* Skateboard.3DS */; };
		86CC14721B8004B000D21C8E /* Skateboard.FBX in Resources */ = {isa = PBXBuildFile; fileRef = 86CC14011B8004B000D21C8E /* Skateboard.FBX */; };
		86CC14731B8004B000D21C8E /* Skateboard.max in Resources */ = {isa = PBXBuildFile; fileRef = 86CC14021B8004B000D21C8E /* Skateboard.max */; };
		86CC14741B8004B000D21C8E /* Skateboard.smd in Resources */ = {isa = PBXBuildFile; fileRef = 86CC14031B8004B000D21C8E /* Skateboard.smd */; };
		86CC14751B8004B000D21C8E /* trucks_d.tga in Resources */ = {isa = PBXBuildFile; fileRef = 86CC14041B8004B000D21C8E /* trucks_d.tga */; };
		86CC14761B8004B000D21C8E /* trucks_n.tga in Resources */ = {isa = PBXBuildFile; fileRef = 86CC14051B8004B000D21C8E /* trucks_n.tga */; };
		86CC14771B8004B000D21C8E /* trucks_s.tga in Resources */ = {isa = PBXBuildFile; fileRef = 86CC14061B8004B000D21C8E /* trucks_s.tga */; };
/* End PBXBuildFile section */

/* Begin PBXContainerItemProxy section */
		86CC13831B80032900D21C8E /* PBXContainerItemProxy */ = {
			isa = PBXContainerItemProxy;
			containerPortal = 86CC13611B80032900D21C8E /* Project object */;
			proxyType = 1;
			remoteGlobalIDString = 86CC13681B80032900D21C8E;
			remoteInfo = DeckDesigner;
		};
/* End PBXContainerItemProxy section */

/* Begin PBXFileReference section */
		8696375E1B8005720058846F /* art.scnassets */ = {isa = PBXFileReference; lastKnownFileType = wrapper.scnassets; path = art.scnassets; sourceTree = "<group>"; };
		8696382F1B800A340058846F /* CellGraphic.h */ = {isa = PBXFileReference; fileEncoding = 4; lastKnownFileType = sourcecode.c.h; path = CellGraphic.h; sourceTree = "<group>"; };
		869638301B800A340058846F /* CellGraphic.m */ = {isa = PBXFileReference; fileEncoding = 4; lastKnownFileType = sourcecode.c.objc; path = CellGraphic.m; sourceTree = "<group>"; };
		869639011B800CA10058846F /* Decks */ = {isa = PBXFileReference; lastKnownFileType = folder; path = Decks; sourceTree = "<group>"; };
		86CC13691B80032900D21C8E /* DeckDesigner.app */ = {isa = PBXFileReference; explicitFileType = wrapper.application; includeInIndex = 0; path = DeckDesigner.app; sourceTree = BUILT_PRODUCTS_DIR; };
		86CC136D1B80032900D21C8E /* Info.plist */ = {isa = PBXFileReference; lastKnownFileType = text.plist.xml; path = Info.plist; sourceTree = "<group>"; };
		86CC136E1B80032900D21C8E /* main.m */ = {isa = PBXFileReference; lastKnownFileType = sourcecode.c.objc; path = main.m; sourceTree = "<group>"; };
		86CC13701B80032900D21C8E /* AppDelegate.h */ = {isa = PBXFileReference; lastKnownFileType = sourcecode.c.h; path = AppDelegate.h; sourceTree = "<group>"; };
		86CC13711B80032900D21C8E /* AppDelegate.m */ = {isa = PBXFileReference; lastKnownFileType = sourcecode.c.objc; path = AppDelegate.m; sourceTree = "<group>"; };
		86CC13731B80032900D21C8E /* ViewController.h */ = {isa = PBXFileReference; lastKnownFileType = sourcecode.c.h; path = ViewController.h; sourceTree = "<group>"; };
		86CC13741B80032900D21C8E /* ViewController.m */ = {isa = PBXFileReference; lastKnownFileType = sourcecode.c.objc; path = ViewController.m; sourceTree = "<group>"; };
		86CC13771B80032900D21C8E /* Base */ = {isa = PBXFileReference; lastKnownFileType = file.storyboard; name = Base; path = Base.lproj/Main.storyboard; sourceTree = "<group>"; };
		86CC13791B80032900D21C8E /* Images.xcassets */ = {isa = PBXFileReference; lastKnownFileType = folder.assetcatalog; path = Images.xcassets; sourceTree = "<group>"; };
		86CC137C1B80032900D21C8E /* Base */ = {isa = PBXFileReference; lastKnownFileType = file.xib; name = Base; path = Base.lproj/LaunchScreen.xib; sourceTree = "<group>"; };
		86CC13821B80032900D21C8E /* DeckDesignerTests.xctest */ = {isa = PBXFileReference; explicitFileType = wrapper.cfbundle; includeInIndex = 0; path = DeckDesignerTests.xctest; sourceTree = BUILT_PRODUCTS_DIR; };
		86CC13871B80032900D21C8E /* Info.plist */ = {isa = PBXFileReference; lastKnownFileType = text.plist.xml; path = Info.plist; sourceTree = "<group>"; };
		86CC13881B80032900D21C8E /* DeckDesignerTests.m */ = {isa = PBXFileReference; lastKnownFileType = sourcecode.c.objc; path = DeckDesignerTests.m; sourceTree = "<group>"; };
		86CC13951B8004B000D21C8E /* board_d.tga */ = {isa = PBXFileReference; lastKnownFileType = file; path = board_d.tga; sourceTree = "<group>"; };
		86CC13961B8004B000D21C8E /* board_n.tga */ = {isa = PBXFileReference; lastKnownFileType = file; path = board_n.tga; sourceTree = "<group>"; };
		86CC13971B8004B000D21C8E /* board_s.tga */ = {isa = PBXFileReference; lastKnownFileType = file; path = board_s.tga; sourceTree = "<group>"; };
		86CC14001B8004B000D21C8E /* Skateboard.3DS */ = {isa = PBXFileReference; lastKnownFileType = file; path = Skateboard.3DS; sourceTree = "<group>"; };
		86CC14011B8004B000D21C8E /* Skateboard.FBX */ = {isa = PBXFileReference; lastKnownFileType = file; path = Skateboard.FBX; sourceTree = "<group>"; };
		86CC14021B8004B000D21C8E /* Skateboard.max */ = {isa = PBXFileReference; lastKnownFileType = file; path = Skateboard.max; sourceTree = "<group>"; };
		86CC14031B8004B000D21C8E /* Skateboard.smd */ = {isa = PBXFileReference; fileEncoding = 4; lastKnownFileType = text; path = Skateboard.smd; sourceTree = "<group>"; };
		86CC14041B8004B000D21C8E /* trucks_d.tga */ = {isa = PBXFileReference; lastKnownFileType = file; path = trucks_d.tga; sourceTree = "<group>"; };
		86CC14051B8004B000D21C8E /* trucks_n.tga */ = {isa = PBXFileReference; lastKnownFileType = file; path = trucks_n.tga; sourceTree = "<group>"; };
		86CC14061B8004B000D21C8E /* trucks_s.tga */ = {isa = PBXFileReference; lastKnownFileType = file; path = trucks_s.tga; sourceTree = "<group>"; };
/* End PBXFileReference section */

/* Begin PBXFrameworksBuildPhase section */
		86CC13661B80032900D21C8E /* Frameworks */ = {
			isa = PBXFrameworksBuildPhase;
			buildActionMask = 2147483647;
			files = (
			);
			runOnlyForDeploymentPostprocessing = 0;
		};
		86CC137F1B80032900D21C8E /* Frameworks */ = {
			isa = PBXFrameworksBuildPhase;
			buildActionMask = 2147483647;
			files = (
			);
			runOnlyForDeploymentPostprocessing = 0;
		};
/* End PBXFrameworksBuildPhase section */

/* Begin PBXGroup section */
		86CC13601B80032900D21C8E = {
			isa = PBXGroup;
			children = (
				86CC136B1B80032900D21C8E /* DeckDesigner */,
				86CC13851B80032900D21C8E /* DeckDesignerTests */,
				86CC136A1B80032900D21C8E /* Products */,
			);
			sourceTree = "<group>";
		};
		86CC136A1B80032900D21C8E /* Products */ = {
			isa = PBXGroup;
			children = (
				86CC13691B80032900D21C8E /* DeckDesigner.app */,
				86CC13821B80032900D21C8E /* DeckDesignerTests.xctest */,
			);
			name = Products;
			sourceTree = "<group>";
		};
		86CC136B1B80032900D21C8E /* DeckDesigner */ = {
			isa = PBXGroup;
			children = (
				869639011B800CA10058846F /* Decks */,
				8696375E1B8005720058846F /* art.scnassets */,
				86CC13941B8004B000D21C8E /* Skateboard */,
				86CC13701B80032900D21C8E /* AppDelegate.h */,
				86CC13711B80032900D21C8E /* AppDelegate.m */,
				86CC13731B80032900D21C8E /* ViewController.h */,
				86CC13741B80032900D21C8E /* ViewController.m */,
				8696382F1B800A340058846F /* CellGraphic.h */,
				869638301B800A340058846F /* CellGraphic.m */,
				86CC13761B80032900D21C8E /* Main.storyboard */,
				86CC13791B80032900D21C8E /* Images.xcassets */,
				86CC137B1B80032900D21C8E /* LaunchScreen.xib */,
				86CC136C1B80032900D21C8E /* Supporting Files */,
			);
			path = DeckDesigner;
			sourceTree = "<group>";
		};
		86CC136C1B80032900D21C8E /* Supporting Files */ = {
			isa = PBXGroup;
			children = (
				86CC136D1B80032900D21C8E /* Info.plist */,
				86CC136E1B80032900D21C8E /* main.m */,
			);
			name = "Supporting Files";
			sourceTree = "<group>";
		};
		86CC13851B80032900D21C8E /* DeckDesignerTests */ = {
			isa = PBXGroup;
			children = (
				86CC13881B80032900D21C8E /* DeckDesignerTests.m */,
				86CC13861B80032900D21C8E /* Supporting Files */,
			);
			path = DeckDesignerTests;
			sourceTree = "<group>";
		};
		86CC13861B80032900D21C8E /* Supporting Files */ = {
			isa = PBXGroup;
			children = (
				86CC13871B80032900D21C8E /* Info.plist */,
			);
			name = "Supporting Files";
			sourceTree = "<group>";
		};
		86CC13941B8004B000D21C8E /* Skateboard */ = {
			isa = PBXGroup;
			children = (
				86CC13951B8004B000D21C8E /* board_d.tga */,
				86CC13961B8004B000D21C8E /* board_n.tga */,
				86CC13971B8004B000D21C8E /* board_s.tga */,
				86CC14001B8004B000D21C8E /* Skateboard.3DS */,
				86CC14011B8004B000D21C8E /* Skateboard.FBX */,
				86CC14021B8004B000D21C8E /* Skateboard.max */,
				86CC14031B8004B000D21C8E /* Skateboard.smd */,
				86CC14041B8004B000D21C8E /* trucks_d.tga */,
				86CC14051B8004B000D21C8E /* trucks_n.tga */,
				86CC14061B8004B000D21C8E /* trucks_s.tga */,
			);
			path = Skateboard;
			sourceTree = "<group>";
		};
/* End PBXGroup section */

/* Begin PBXNativeTarget section */
		86CC13681B80032900D21C8E /* DeckDesigner */ = {
			isa = PBXNativeTarget;
			buildConfigurationList = 86CC138C1B80032900D21C8E /* Build configuration list for PBXNativeTarget "DeckDesigner" */;
			buildPhases = (
				86CC13651B80032900D21C8E /* Sources */,
				86CC13661B80032900D21C8E /* Frameworks */,
				86CC13671B80032900D21C8E /* Resources */,
			);
			buildRules = (
			);
			dependencies = (
			);
			name = DeckDesigner;
			productName = DeckDesigner;
			productReference = 86CC13691B80032900D21C8E /* DeckDesigner.app */;
			productType = "com.apple.product-type.application";
		};
		86CC13811B80032900D21C8E /* DeckDesignerTests */ = {
			isa = PBXNativeTarget;
			buildConfigurationList = 86CC138F1B80032900D21C8E /* Build configuration list for PBXNativeTarget "DeckDesignerTests" */;
			buildPhases = (
				86CC137E1B80032900D21C8E /* Sources */,
				86CC137F1B80032900D21C8E /* Frameworks */,
				86CC13801B80032900D21C8E /* Resources */,
			);
			buildRules = (
			);
			dependencies = (
				86CC13841B80032900D21C8E /* PBXTargetDependency */,
			);
			name = DeckDesignerTests;
			productName = DeckDesignerTests;
			productReference = 86CC13821B80032900D21C8E /* DeckDesignerTests.xctest */;
			productType = "com.apple.product-type.bundle.unit-test";
		};
/* End PBXNativeTarget section */

/* Begin PBXProject section */
		86CC13611B80032900D21C8E /* Project object */ = {
			isa = PBXProject;
			attributes = {
				LastUpgradeCheck = 0640;
				ORGANIZATIONNAME = "Jon Como";
				TargetAttributes = {
					86CC13681B80032900D21C8E = {
						CreatedOnToolsVersion = 6.4;
					};
					86CC13811B80032900D21C8E = {
						CreatedOnToolsVersion = 6.4;
						TestTargetID = 86CC13681B80032900D21C8E;
					};
				};
			};
			buildConfigurationList = 86CC13641B80032900D21C8E /* Build configuration list for PBXProject "DeckDesigner" */;
			compatibilityVersion = "Xcode 3.2";
			developmentRegion = English;
			hasScannedForEncodings = 0;
			knownRegions = (
				en,
				Base,
			);
			mainGroup = 86CC13601B80032900D21C8E;
			productRefGroup = 86CC136A1B80032900D21C8E /* Products */;
			projectDirPath = "";
			projectRoot = "";
			targets = (
				86CC13681B80032900D21C8E /* DeckDesigner */,
				86CC13811B80032900D21C8E /* DeckDesignerTests */,
			);
		};
/* End PBXProject section */

/* Begin PBXResourcesBuildPhase section */
		86CC13671B80032900D21C8E /* Resources */ = {
			isa = PBXResourcesBuildPhase;
			buildActionMask = 2147483647;
			files = (
				86CC14071B8004B000D21C8E /* board_d.tga in Resources */,
				8696375F1B8005720058846F /* art.scnassets in Resources */,
				86CC14771B8004B000D21C8E /* trucks_s.tga in Resources */,
				869639021B800CA10058846F /* Decks in Resources */,
				86CC13781B80032900D21C8E /* Main.storyboard in Resources */,
				86CC14081B8004B000D21C8E /* board_n.tga in Resources */,
				86CC14711B8004B000D21C8E /* Skateboard.3DS in Resources */,
				86CC14761B8004B000D21C8E /* trucks_n.tga in Resources */,
				86CC14721B8004B000D21C8E /* Skateboard.FBX in Resources */,
				86CC14751B8004B000D21C8E /* trucks_d.tga in Resources */,
				86CC14091B8004B000D21C8E /* board_s.tga in Resources */,
				86CC137D1B80032900D21C8E /* LaunchScreen.xib in Resources */,
				86CC14731B8004B000D21C8E /* Skateboard.max in Resources */,
				86CC14741B8004B000D21C8E /* Skateboard.smd in Resources */,
				86CC137A1B80032900D21C8E /* Images.xcassets in Resources */,
			);
			runOnlyForDeploymentPostprocessing = 0;
		};
		86CC13801B80032900D21C8E /* Resources */ = {
			isa = PBXResourcesBuildPhase;
			buildActionMask = 2147483647;
			files = (
			);
			runOnlyForDeploymentPostprocessing = 0;
		};
/* End PBXResourcesBuildPhase section */

/* Begin PBXSourcesBuildPhase section */
		86CC13651B80032900D21C8E /* Sources */ = {
			isa = PBXSourcesBuildPhase;
			buildActionMask = 2147483647;
			files = (
				86CC13751B80032900D21C8E /* ViewController.m in Sources */,
				86CC13721B80032900D21C8E /* AppDelegate.m in Sources */,
				869638311B800A340058846F /* CellGraphic.m in Sources */,
				86CC136F1B80032900D21C8E /* main.m in Sources */,
			);
			runOnlyForDeploymentPostprocessing = 0;
		};
		86CC137E1B80032900D21C8E /* Sources */ = {
			isa = PBXSourcesBuildPhase;
			buildActionMask = 2147483647;
			files = (
				86CC13891B80032900D21C8E /* DeckDesignerTests.m in Sources */,
			);
			runOnlyForDeploymentPostprocessing = 0;
		};
/* End PBXSourcesBuildPhase section */

/* Begin PBXTargetDependency section */
		86CC13841B80032900D21C8E /* PBXTargetDependency */ = {
			isa = PBXTargetDependency;
			target = 86CC13681B80032900D21C8E /* DeckDesigner */;
			targetProxy = 86CC13831B80032900D21C8E /* PBXContainerItemProxy */;
		};
/* End PBXTargetDependency section */

/* Begin PBXVariantGroup section */
		86CC13761B80032900D21C8E /* Main.storyboard */ = {
			isa = PBXVariantGroup;
			children = (
				86CC13771B80032900D21C8E /* Base */,
			);
			name = Main.storyboard;
			sourceTree = "<group>";
		};
		86CC137B1B80032900D21C8E /* LaunchScreen.xib */ = {
			isa = PBXVariantGroup;
			children = (
				86CC137C1B80032900D21C8E /* Base */,
			);
			name = LaunchScreen.xib;
			sourceTree = "<group>";
		};
/* End PBXVariantGroup section */

/* Begin XCBuildConfiguration section */
		86CC138A1B80032900D21C8E /* Debug */ = {
			isa = XCBuildConfiguration;
			buildSettings = {
				ALWAYS_SEARCH_USER_PATHS = NO;
				CLANG_CXX_LANGUAGE_STANDARD = "gnu++0x";
				CLANG_CXX_LIBRARY = "libc++";
				CLANG_ENABLE_MODULES = YES;
				CLANG_ENABLE_OBJC_ARC = YES;
				CLANG_WARN_BOOL_CONVERSION = YES;
				CLANG_WARN_CONSTANT_CONVERSION = YES;
				CLANG_WARN_DIRECT_OBJC_ISA_USAGE = YES_ERROR;
				CLANG_WARN_EMPTY_BODY = YES;
				CLANG_WARN_ENUM_CONVERSION = YES;
				CLANG_WARN_INT_CONVERSION = YES;
				CLANG_WARN_OBJC_ROOT_CLASS = YES_ERROR;
				CLANG_WARN_UNREACHABLE_CODE = YES;
				CLANG_WARN__DUPLICATE_METHOD_MATCH = YES;
				"CODE_SIGN_IDENTITY[sdk=iphoneos*]" = "iPhone Developer";
				COPY_PHASE_STRIP = NO;
				DEBUG_INFORMATION_FORMAT = "dwarf-with-dsym";
				ENABLE_STRICT_OBJC_MSGSEND = YES;
				GCC_C_LANGUAGE_STANDARD = gnu99;
				GCC_DYNAMIC_NO_PIC = NO;
				GCC_NO_COMMON_BLOCKS = YES;
				GCC_OPTIMIZATION_LEVEL = 0;
				GCC_PREPROCESSOR_DEFINITIONS = (
					"DEBUG=1",
					"$(inherited)",
				);
				GCC_SYMBOLS_PRIVATE_EXTERN = NO;
				GCC_WARN_64_TO_32_BIT_CONVERSION = YES;
				GCC_WARN_ABOUT_RETURN_TYPE = YES_ERROR;
				GCC_WARN_UNDECLARED_SELECTOR = YES;
				GCC_WARN_UNINITIALIZED_AUTOS = YES_AGGRESSIVE;
				GCC_WARN_UNUSED_FUNCTION = YES;
				GCC_WARN_UNUSED_VARIABLE = YES;
				IPHONEOS_DEPLOYMENT_TARGET = 8.4;
				MTL_ENABLE_DEBUG_INFO = YES;
				ONLY_ACTIVE_ARCH = YES;
				SDKROOT = iphoneos;
			};
			name = Debug;
		};
		86CC138B1B80032900D21C8E /* Release */ = {
			isa = XCBuildConfiguration;
			buildSettings = {
				ALWAYS_SEARCH_USER_PATHS = NO;
				CLANG_CXX_LANGUAGE_STANDARD = "gnu++0x";
				CLANG_CXX_LIBRARY = "libc++";
				CLANG_ENABLE_MODULES = YES;
				CLANG_ENABLE_OBJC_ARC = YES;
				CLANG_WARN_BOOL_CONVERSION = YES;
				CLANG_WARN_CONSTANT_CONVERSION = YES;
				CLANG_WARN_DIRECT_OBJC_ISA_USAGE = YES_ERROR;
				CLANG_WARN_EMPTY_BODY = YES;
				CLANG_WARN_ENUM_CONVERSION = YES;
				CLANG_WARN_INT_CONVERSION = YES;
				CLANG_WARN_OBJC_ROOT_CLASS = YES_ERROR;
				CLANG_WARN_UNREACHABLE_CODE = YES;
				CLANG_WARN__DUPLICATE_METHOD_MATCH = YES;
				"CODE_SIGN_IDENTITY[sdk=iphoneos*]" = "iPhone Developer";
				COPY_PHASE_STRIP = NO;
				DEBUG_INFORMATION_FORMAT = "dwarf-with-dsym";
				ENABLE_NS_ASSERTIONS = NO;
				ENABLE_STRICT_OBJC_MSGSEND = YES;
				GCC_C_LANGUAGE_STANDARD = gnu99;
				GCC_NO_COMMON_BLOCKS = YES;
				GCC_WARN_64_TO_32_BIT_CONVERSION = YES;
				GCC_WARN_ABOUT_RETURN_TYPE = YES_ERROR;
				GCC_WARN_UNDECLARED_SELECTOR = YES;
				GCC_WARN_UNINITIALIZED_AUTOS = YES_AGGRESSIVE;
				GCC_WARN_UNUSED_FUNCTION = YES;
				GCC_WARN_UNUSED_VARIABLE = YES;
				IPHONEOS_DEPLOYMENT_TARGET = 8.4;
				MTL_ENABLE_DEBUG_INFO = NO;
				SDKROOT = iphoneos;
				VALIDATE_PRODUCT = YES;
			};
			name = Release;
		};
		86CC138D1B80032900D21C8E /* Debug */ = {
			isa = XCBuildConfiguration;
			buildSettings = {
				ASSETCATALOG_COMPILER_APPICON_NAME = AppIcon;
				INFOPLIST_FILE = DeckDesigner/Info.plist;
				LD_RUNPATH_SEARCH_PATHS = "$(inherited) @executable_path/Frameworks";
				PRODUCT_NAME = "$(TARGET_NAME)";
			};
			name = Debug;
		};
		86CC138E1B80032900D21C8E /* Release */ = {
			isa = XCBuildConfiguration;
			buildSettings = {
				ASSETCATALOG_COMPILER_APPICON_NAME = AppIcon;
				INFOPLIST_FILE = DeckDesigner/Info.plist;
				LD_RUNPATH_SEARCH_PATHS = "$(inherited) @executable_path/Frameworks";
				PRODUCT_NAME = "$(TARGET_NAME)";
			};
			name = Release;
		};
		86CC13901B80032900D21C8E /* Debug */ = {
			isa = XCBuildConfiguration;
			buildSettings = {
				BUNDLE_LOADER = "$(TEST_HOST)";
				FRAMEWORK_SEARCH_PATHS = (
					"$(SDKROOT)/Developer/Library/Frameworks",
					"$(inherited)",
				);
				GCC_PREPROCESSOR_DEFINITIONS = (
					"DEBUG=1",
					"$(inherited)",
				);
				INFOPLIST_FILE = DeckDesignerTests/Info.plist;
				LD_RUNPATH_SEARCH_PATHS = "$(inherited) @executable_path/Frameworks @loader_path/Frameworks";
				PRODUCT_NAME = "$(TARGET_NAME)";
				TEST_HOST = "$(BUILT_PRODUCTS_DIR)/DeckDesigner.app/DeckDesigner";
			};
			name = Debug;
		};
		86CC13911B80032900D21C8E /* Release */ = {
			isa = XCBuildConfiguration;
			buildSettings = {
				BUNDLE_LOADER = "$(TEST_HOST)";
				FRAMEWORK_SEARCH_PATHS = (
					"$(SDKROOT)/Developer/Library/Frameworks",
					"$(inherited)",
				);
				INFOPLIST_FILE = DeckDesignerTests/Info.plist;
				LD_RUNPATH_SEARCH_PATHS = "$(inherited) @executable_path/Frameworks @loader_path/Frameworks";
				PRODUCT_NAME = "$(TARGET_NAME)";
				TEST_HOST = "$(BUILT_PRODUCTS_DIR)/DeckDesigner.app/DeckDesigner";
			};
			name = Release;
		};
/* End XCBuildConfiguration section */

/* Begin XCConfigurationList section */
		86CC13641B80032900D21C8E /* Build configuration list for PBXProject "DeckDesigner" */ = {
			isa = XCConfigurationList;
			buildConfigurations = (
				86CC138A1B80032900D21C8E /* Debug */,
				86CC138B1B80032900D21C8E /* Release */,
			);
			defaultConfigurationIsVisible = 0;
			defaultConfigurationName = Release;
		};
		86CC138C1B80032900D21C8E /* Build configuration list for PBXNativeTarget "DeckDesigner" */ = {
			isa = XCConfigurationList;
			buildConfigurations = (
				86CC138D1B80032900D21C8E /* Debug */,
				86CC138E1B80032900D21C8E /* Release */,
			);
			defaultConfigurationIsVisible = 0;
			defaultConfigurationName = Release;
		};
		86CC138F1B80032900D21C8E /* Build configuration list for PBXNativeTarget "DeckDesignerTests" */ = {
			isa = XCConfigurationList;
			buildConfigurations = (
				86CC13901B80032900D21C8E /* Debug */,
				86CC13911B80032900D21C8E /* Release */,
			);
			defaultConfigurationIsVisible = 0;
			defaultConfigurationName = Release;
		};
/* End XCConfigurationList section */
	};
	rootObject = 86CC13611B80032900D21C8E /* Project object */;
}
